// !$*UTF8*$!
{
	archiveVersion = 1;
	classes = {
	};
	objectVersion = 46;
	objects = {

/* Begin PBXBuildFile section */
		16105CCE18A3C1CC0018E6F9 /* Foundation.framework in Frameworks */ = {isa = PBXBuildFile; fileRef = 16105CCD18A3C1CC0018E6F9 /* Foundation.framework */; };
		16105CD018A3C1CC0018E6F9 /* CoreGraphics.framework in Frameworks */ = {isa = PBXBuildFile; fileRef = 16105CCF18A3C1CC0018E6F9 /* CoreGraphics.framework */; };
		16105CD218A3C1CC0018E6F9 /* UIKit.framework in Frameworks */ = {isa = PBXBuildFile; fileRef = 16105CD118A3C1CC0018E6F9 /* UIKit.framework */; };
		16105CD818A3C1CC0018E6F9 /* InfoPlist.strings in Resources */ = {isa = PBXBuildFile; fileRef = 16105CD618A3C1CC0018E6F9 /* InfoPlist.strings */; };
		16105CDA18A3C1CC0018E6F9 /* main.m in Sources */ = {isa = PBXBuildFile; fileRef = 16105CD918A3C1CC0018E6F9 /* main.m */; };
		16105CDE18A3C1CC0018E6F9 /* MacyAppDelegate.m in Sources */ = {isa = PBXBuildFile; fileRef = 16105CDD18A3C1CC0018E6F9 /* MacyAppDelegate.m */; };
		16105CE118A3C1CC0018E6F9 /* Main_iPhone.storyboard in Resources */ = {isa = PBXBuildFile; fileRef = 16105CDF18A3C1CC0018E6F9 /* Main_iPhone.storyboard */; };
		16105CE418A3C1CC0018E6F9 /* Main_iPad.storyboard in Resources */ = {isa = PBXBuildFile; fileRef = 16105CE218A3C1CC0018E6F9 /* Main_iPad.storyboard */; };
		16105CE718A3C1CC0018E6F9 /* MacyViewController.m in Sources */ = {isa = PBXBuildFile; fileRef = 16105CE618A3C1CC0018E6F9 /* MacyViewController.m */; };
		16105CE918A3C1CC0018E6F9 /* Images.xcassets in Resources */ = {isa = PBXBuildFile; fileRef = 16105CE818A3C1CC0018E6F9 /* Images.xcassets */; };
		16105CF018A3C1CC0018E6F9 /* XCTest.framework in Frameworks */ = {isa = PBXBuildFile; fileRef = 16105CEF18A3C1CC0018E6F9 /* XCTest.framework */; };
		16105CF118A3C1CC0018E6F9 /* Foundation.framework in Frameworks */ = {isa = PBXBuildFile; fileRef = 16105CCD18A3C1CC0018E6F9 /* Foundation.framework */; };
		16105CF218A3C1CC0018E6F9 /* UIKit.framework in Frameworks */ = {isa = PBXBuildFile; fileRef = 16105CD118A3C1CC0018E6F9 /* UIKit.framework */; };
		16105CFA18A3C1CC0018E6F9 /* InfoPlist.strings in Resources */ = {isa = PBXBuildFile; fileRef = 16105CF818A3C1CC0018E6F9 /* InfoPlist.strings */; };
		16105CFC18A3C1CC0018E6F9 /* MacydemoTests.m in Sources */ = {isa = PBXBuildFile; fileRef = 16105CFB18A3C1CC0018E6F9 /* MacydemoTests.m */; };
		16105D0B18A3E1B40018E6F9 /* the-magic-of-macys-1024x406.jpeg in Resources */ = {isa = PBXBuildFile; fileRef = 16105D0A18A3E1B40018E6F9 /* the-magic-of-macys-1024x406.jpeg */; };
		16105D1718A3F9D50018E6F9 /* account.png in Resources */ = {isa = PBXBuildFile; fileRef = 16105D0C18A3F9D50018E6F9 /* account.png */; };
		16105D1818A3F9D50018E6F9 /* bag.png in Resources */ = {isa = PBXBuildFile; fileRef = 16105D0D18A3F9D50018E6F9 /* bag.png */; };
		16105D1918A3F9D50018E6F9 /* giftidea.png in Resources */ = {isa = PBXBuildFile; fileRef = 16105D0E18A3F9D50018E6F9 /* giftidea.png */; };
		16105D1A18A3F9D50018E6F9 /* Header_Macy.png in Resources */ = {isa = PBXBuildFile; fileRef = 16105D0F18A3F9D50018E6F9 /* Header_Macy.png */; };
		16105D1B18A3F9D50018E6F9 /* offers.png in Resources */ = {isa = PBXBuildFile; fileRef = 16105D1018A3F9D50018E6F9 /* offers.png */; };
		16105D1C18A3F9D50018E6F9 /* registry.png in Resources */ = {isa = PBXBuildFile; fileRef = 16105D1118A3F9D50018E6F9 /* registry.png */; };
		16105D1D18A3F9D50018E6F9 /* savingpass.png in Resources */ = {isa = PBXBuildFile; fileRef = 16105D1218A3F9D50018E6F9 /* savingpass.png */; };
		16105D1E18A3F9D50018E6F9 /* scan.png in Resources */ = {isa = PBXBuildFile; fileRef = 16105D1318A3F9D50018E6F9 /* scan.png */; };
		16105D1F18A3F9D50018E6F9 /* shop.png in Resources */ = {isa = PBXBuildFile; fileRef = 16105D1418A3F9D50018E6F9 /* shop.png */; };
		16105D2018A3F9D50018E6F9 /* shopnow.png in Resources */ = {isa = PBXBuildFile; fileRef = 16105D1518A3F9D50018E6F9 /* shopnow.png */; };
		16105D2118A3F9D50018E6F9 /* stores.png in Resources */ = {isa = PBXBuildFile; fileRef = 16105D1618A3F9D50018E6F9 /* stores.png */; };
		16105D2A18A41B5F0018E6F9 /* MacyDetailsViewController.m in Sources */ = {isa = PBXBuildFile; fileRef = 16105D2818A41B5F0018E6F9 /* MacyDetailsViewController.m */; };
		16105D2B18A41B5F0018E6F9 /* MacyDetailsViewController.xib in Resources */ = {isa = PBXBuildFile; fileRef = 16105D2918A41B5F0018E6F9 /* MacyDetailsViewController.xib */; };
/* End PBXBuildFile section */

/* Begin PBXContainerItemProxy section */
		16105CF318A3C1CC0018E6F9 /* PBXContainerItemProxy */ = {
			isa = PBXContainerItemProxy;
			containerPortal = 16105CC218A3C1CC0018E6F9 /* Project object */;
			proxyType = 1;
			remoteGlobalIDString = 16105CC918A3C1CC0018E6F9;
			remoteInfo = Macydemo;
		};
/* End PBXContainerItemProxy section */

/* Begin PBXFileReference section */
		16105CCA18A3C1CC0018E6F9 /* Macydemo.app */ = {isa = PBXFileReference; explicitFileType = wrapper.application; includeInIndex = 0; path = Macydemo.app; sourceTree = BUILT_PRODUCTS_DIR; };
		16105CCD18A3C1CC0018E6F9 /* Foundation.framework */ = {isa = PBXFileReference; lastKnownFileType = wrapper.framework; name = Foundation.framework; path = System/Library/Frameworks/Foundation.framework; sourceTree = SDKROOT; };
		16105CCF18A3C1CC0018E6F9 /* CoreGraphics.framework */ = {isa = PBXFileReference; lastKnownFileType = wrapper.framework; name = CoreGraphics.framework; path = System/Library/Frameworks/CoreGraphics.framework; sourceTree = SDKROOT; };
		16105CD118A3C1CC0018E6F9 /* UIKit.framework */ = {isa = PBXFileReference; lastKnownFileType = wrapper.framework; name = UIKit.framework; path = System/Library/Frameworks/UIKit.framework; sourceTree = SDKROOT; };
		16105CD518A3C1CC0018E6F9 /* Macydemo-Info.plist */ = {isa = PBXFileReference; lastKnownFileType = text.plist.xml; path = "Macydemo-Info.plist"; sourceTree = "<group>"; };
		16105CD718A3C1CC0018E6F9 /* en */ = {isa = PBXFileReference; lastKnownFileType = text.plist.strings; name = en; path = en.lproj/InfoPlist.strings; sourceTree = "<group>"; };
		16105CD918A3C1CC0018E6F9 /* main.m */ = {isa = PBXFileReference; lastKnownFileType = sourcecode.c.objc; path = main.m; sourceTree = "<group>"; };
		16105CDB18A3C1CC0018E6F9 /* Macydemo-Prefix.pch */ = {isa = PBXFileReference; lastKnownFileType = sourcecode.c.h; path = "Macydemo-Prefix.pch"; sourceTree = "<group>"; };
		16105CDC18A3C1CC0018E6F9 /* MacyAppDelegate.h */ = {isa = PBXFileReference; lastKnownFileType = sourcecode.c.h; path = MacyAppDelegate.h; sourceTree = "<group>"; };
		16105CDD18A3C1CC0018E6F9 /* MacyAppDelegate.m */ = {isa = PBXFileReference; lastKnownFileType = sourcecode.c.objc; path = MacyAppDelegate.m; sourceTree = "<group>"; };
		16105CE018A3C1CC0018E6F9 /* Base */ = {isa = PBXFileReference; lastKnownFileType = file.storyboard; name = Base; path = Base.lproj/Main_iPhone.storyboard; sourceTree = "<group>"; };
		16105CE318A3C1CC0018E6F9 /* Base */ = {isa = PBXFileReference; lastKnownFileType = file.storyboard; name = Base; path = Base.lproj/Main_iPad.storyboard; sourceTree = "<group>"; };
		16105CE518A3C1CC0018E6F9 /* MacyViewController.h */ = {isa = PBXFileReference; lastKnownFileType = sourcecode.c.h; path = MacyViewController.h; sourceTree = "<group>"; };
		16105CE618A3C1CC0018E6F9 /* MacyViewController.m */ = {isa = PBXFileReference; lastKnownFileType = sourcecode.c.objc; path = MacyViewController.m; sourceTree = "<group>"; };
		16105CE818A3C1CC0018E6F9 /* Images.xcassets */ = {isa = PBXFileReference; lastKnownFileType = folder.assetcatalog; path = Images.xcassets; sourceTree = "<group>"; };
		16105CEE18A3C1CC0018E6F9 /* MacydemoTests.xctest */ = {isa = PBXFileReference; explicitFileType = wrapper.cfbundle; includeInIndex = 0; path = MacydemoTests.xctest; sourceTree = BUILT_PRODUCTS_DIR; };
		16105CEF18A3C1CC0018E6F9 /* XCTest.framework */ = {isa = PBXFileReference; lastKnownFileType = wrapper.framework; name = XCTest.framework; path = Library/Frameworks/XCTest.framework; sourceTree = DEVELOPER_DIR; };
		16105CF718A3C1CC0018E6F9 /* MacydemoTests-Info.plist */ = {isa = PBXFileReference; lastKnownFileType = text.plist.xml; path = "MacydemoTests-Info.plist"; sourceTree = "<group>"; };
		16105CF918A3C1CC0018E6F9 /* en */ = {isa = PBXFileReference; lastKnownFileType = text.plist.strings; name = en; path = en.lproj/InfoPlist.strings; sourceTree = "<group>"; };
		16105CFB18A3C1CC0018E6F9 /* MacydemoTests.m */ = {isa = PBXFileReference; lastKnownFileType = sourcecode.c.objc; path = MacydemoTests.m; sourceTree = "<group>"; };
		16105D0A18A3E1B40018E6F9 /* the-magic-of-macys-1024x406.jpeg */ = {isa = PBXFileReference; lastKnownFileType = image.jpeg; path = "the-magic-of-macys-1024x406.jpeg"; sourceTree = "<group>"; };
		16105D0C18A3F9D50018E6F9 /* account.png */ = {isa = PBXFileReference; lastKnownFileType = image.png; path = account.png; sourceTree = "<group>"; };
		16105D0D18A3F9D50018E6F9 /* bag.png */ = {isa = PBXFileReference; lastKnownFileType = image.png; path = bag.png; sourceTree = "<group>"; };
		16105D0E18A3F9D50018E6F9 /* giftidea.png */ = {isa = PBXFileReference; lastKnownFileType = image.png; path = giftidea.png; sourceTree = "<group>"; };
		16105D0F18A3F9D50018E6F9 /* Header_Macy.png */ = {isa = PBXFileReference; lastKnownFileType = image.png; path = Header_Macy.png; sourceTree = "<group>"; };
		16105D1018A3F9D50018E6F9 /* offers.png */ = {isa = PBXFileReference; lastKnownFileType = image.png; path = offers.png; sourceTree = "<group>"; };
		16105D1118A3F9D50018E6F9 /* registry.png */ = {isa = PBXFileReference; lastKnownFileType = image.png; path = registry.png; sourceTree = "<group>"; };
		16105D1218A3F9D50018E6F9 /* savingpass.png */ = {isa = PBXFileReference; lastKnownFileType = image.png; path = savingpass.png; sourceTree = "<group>"; };
		16105D1318A3F9D50018E6F9 /* scan.png */ = {isa = PBXFileReference; lastKnownFileType = image.png; path = scan.png; sourceTree = "<group>"; };
		16105D1418A3F9D50018E6F9 /* shop.png */ = {isa = PBXFileReference; lastKnownFileType = image.png; path = shop.png; sourceTree = "<group>"; };
		16105D1518A3F9D50018E6F9 /* shopnow.png */ = {isa = PBXFileReference; lastKnownFileType = image.png; path = shopnow.png; sourceTree = "<group>"; };
		16105D1618A3F9D50018E6F9 /* stores.png */ = {isa = PBXFileReference; lastKnownFileType = image.png; path = stores.png; sourceTree = "<group>"; };
		16105D2718A41B5F0018E6F9 /* MacyDetailsViewController.h */ = {isa = PBXFileReference; fileEncoding = 4; lastKnownFileType = sourcecode.c.h; path = MacyDetailsViewController.h; sourceTree = "<group>"; };
		16105D2818A41B5F0018E6F9 /* MacyDetailsViewController.m */ = {isa = PBXFileReference; fileEncoding = 4; lastKnownFileType = sourcecode.c.objc; path = MacyDetailsViewController.m; sourceTree = "<group>"; };
		16105D2918A41B5F0018E6F9 /* MacyDetailsViewController.xib */ = {isa = PBXFileReference; fileEncoding = 4; lastKnownFileType = file.xib; path = MacyDetailsViewController.xib; sourceTree = "<group>"; };
/* End PBXFileReference section */

/* Begin PBXFrameworksBuildPhase section */
		16105CC718A3C1CC0018E6F9 /* Frameworks */ = {
			isa = PBXFrameworksBuildPhase;
			buildActionMask = 2147483647;
			files = (
				16105CD018A3C1CC0018E6F9 /* CoreGraphics.framework in Frameworks */,
				16105CD218A3C1CC0018E6F9 /* UIKit.framework in Frameworks */,
				16105CCE18A3C1CC0018E6F9 /* Foundation.framework in Frameworks */,
			);
			runOnlyForDeploymentPostprocessing = 0;
		};
		16105CEB18A3C1CC0018E6F9 /* Frameworks */ = {
			isa = PBXFrameworksBuildPhase;
			buildActionMask = 2147483647;
			files = (
				16105CF018A3C1CC0018E6F9 /* XCTest.framework in Frameworks */,
				16105CF218A3C1CC0018E6F9 /* UIKit.framework in Frameworks */,
				16105CF118A3C1CC0018E6F9 /* Foundation.framework in Frameworks */,
			);
			runOnlyForDeploymentPostprocessing = 0;
		};
/* End PBXFrameworksBuildPhase section */

/* Begin PBXGroup section */
		16105CC118A3C1CC0018E6F9 = {
			isa = PBXGroup;
			children = (
				16105CD318A3C1CC0018E6F9 /* Macydemo */,
				16105CF518A3C1CC0018E6F9 /* MacydemoTests */,
				16105CCC18A3C1CC0018E6F9 /* Frameworks */,
				16105CCB18A3C1CC0018E6F9 /* Products */,
			);
			sourceTree = "<group>";
		};
		16105CCB18A3C1CC0018E6F9 /* Products */ = {
			isa = PBXGroup;
			children = (
				16105CCA18A3C1CC0018E6F9 /* Macydemo.app */,
				16105CEE18A3C1CC0018E6F9 /* MacydemoTests.xctest */,
			);
			name = Products;
			sourceTree = "<group>";
		};
		16105CCC18A3C1CC0018E6F9 /* Frameworks */ = {
			isa = PBXGroup;
			children = (
				16105CCD18A3C1CC0018E6F9 /* Foundation.framework */,
				16105CCF18A3C1CC0018E6F9 /* CoreGraphics.framework */,
				16105CD118A3C1CC0018E6F9 /* UIKit.framework */,
				16105CEF18A3C1CC0018E6F9 /* XCTest.framework */,
			);
			name = Frameworks;
			sourceTree = "<group>";
		};
		16105CD318A3C1CC0018E6F9 /* Macydemo */ = {
			isa = PBXGroup;
			children = (
				16105D0918A3E19A0018E6F9 /* Images */,
				16105CDC18A3C1CC0018E6F9 /* MacyAppDelegate.h */,
				16105CDD18A3C1CC0018E6F9 /* MacyAppDelegate.m */,
				16105CDF18A3C1CC0018E6F9 /* Main_iPhone.storyboard */,
				16105CE218A3C1CC0018E6F9 /* Main_iPad.storyboard */,
				16105CE518A3C1CC0018E6F9 /* MacyViewController.h */,
				16105CE618A3C1CC0018E6F9 /* MacyViewController.m */,
				16105CE818A3C1CC0018E6F9 /* Images.xcassets */,
				16105CD418A3C1CC0018E6F9 /* Supporting Files */,
				16105D2718A41B5F0018E6F9 /* MacyDetailsViewController.h */,
				16105D2818A41B5F0018E6F9 /* MacyDetailsViewController.m */,
				16105D2918A41B5F0018E6F9 /* MacyDetailsViewController.xib */,
			);
			path = Macydemo;
			sourceTree = "<group>";
		};
		16105CD418A3C1CC0018E6F9 /* Supporting Files */ = {
			isa = PBXGroup;
			children = (
				16105CD518A3C1CC0018E6F9 /* Macydemo-Info.plist */,
				16105CD618A3C1CC0018E6F9 /* InfoPlist.strings */,
				16105CD918A3C1CC0018E6F9 /* main.m */,
				16105CDB18A3C1CC0018E6F9 /* Macydemo-Prefix.pch */,
			);
			name = "Supporting Files";
			sourceTree = "<group>";
		};
		16105CF518A3C1CC0018E6F9 /* MacydemoTests */ = {
			isa = PBXGroup;
			children = (
				16105CFB18A3C1CC0018E6F9 /* MacydemoTests.m */,
				16105CF618A3C1CC0018E6F9 /* Supporting Files */,
			);
			path = MacydemoTests;
			sourceTree = "<group>";
		};
		16105CF618A3C1CC0018E6F9 /* Supporting Files */ = {
			isa = PBXGroup;
			children = (
				16105CF718A3C1CC0018E6F9 /* MacydemoTests-Info.plist */,
				16105CF818A3C1CC0018E6F9 /* InfoPlist.strings */,
			);
			name = "Supporting Files";
			sourceTree = "<group>";
		};
		16105D0918A3E19A0018E6F9 /* Images */ = {
			isa = PBXGroup;
			children = (
				16105D0A18A3E1B40018E6F9 /* the-magic-of-macys-1024x406.jpeg */,
				16105D0C18A3F9D50018E6F9 /* account.png */,
				16105D0D18A3F9D50018E6F9 /* bag.png */,
				16105D0E18A3F9D50018E6F9 /* giftidea.png */,
				16105D0F18A3F9D50018E6F9 /* Header_Macy.png */,
				16105D1018A3F9D50018E6F9 /* offers.png */,
				16105D1118A3F9D50018E6F9 /* registry.png */,
				16105D1218A3F9D50018E6F9 /* savingpass.png */,
				16105D1318A3F9D50018E6F9 /* scan.png */,
				16105D1418A3F9D50018E6F9 /* shop.png */,
				16105D1518A3F9D50018E6F9 /* shopnow.png */,
				16105D1618A3F9D50018E6F9 /* stores.png */,
			);
			name = Images;
			sourceTree = "<group>";
		};
/* End PBXGroup section */

/* Begin PBXNativeTarget section */
		16105CC918A3C1CC0018E6F9 /* Macydemo */ = {
			isa = PBXNativeTarget;
			buildConfigurationList = 16105CFF18A3C1CC0018E6F9 /* Build configuration list for PBXNativeTarget "Macydemo" */;
			buildPhases = (
				16105CC618A3C1CC0018E6F9 /* Sources */,
				16105CC718A3C1CC0018E6F9 /* Frameworks */,
				16105CC818A3C1CC0018E6F9 /* Resources */,
			);
			buildRules = (
			);
			dependencies = (
			);
			name = Macydemo;
			productName = Macydemo;
			productReference = 16105CCA18A3C1CC0018E6F9 /* Macydemo.app */;
			productType = "com.apple.product-type.application";
		};
		16105CED18A3C1CC0018E6F9 /* MacydemoTests */ = {
			isa = PBXNativeTarget;
			buildConfigurationList = 16105D0218A3C1CC0018E6F9 /* Build configuration list for PBXNativeTarget "MacydemoTests" */;
			buildPhases = (
				16105CEA18A3C1CC0018E6F9 /* Sources */,
				16105CEB18A3C1CC0018E6F9 /* Frameworks */,
				16105CEC18A3C1CC0018E6F9 /* Resources */,
			);
			buildRules = (
			);
			dependencies = (
				16105CF418A3C1CC0018E6F9 /* PBXTargetDependency */,
			);
			name = MacydemoTests;
			productName = MacydemoTests;
			productReference = 16105CEE18A3C1CC0018E6F9 /* MacydemoTests.xctest */;
			productType = "com.apple.product-type.bundle.unit-test";
		};
/* End PBXNativeTarget section */

/* Begin PBXProject section */
		16105CC218A3C1CC0018E6F9 /* Project object */ = {
			isa = PBXProject;
			attributes = {
				CLASSPREFIX = Macy;
				LastUpgradeCheck = 0500;
				ORGANIZATIONNAME = demo;
				TargetAttributes = {
					16105CED18A3C1CC0018E6F9 = {
						TestTargetID = 16105CC918A3C1CC0018E6F9;
					};
				};
			};
			buildConfigurationList = 16105CC518A3C1CC0018E6F9 /* Build configuration list for PBXProject "Macydemo" */;
			compatibilityVersion = "Xcode 3.2";
			developmentRegion = English;
			hasScannedForEncodings = 0;
			knownRegions = (
				en,
				Base,
			);
			mainGroup = 16105CC118A3C1CC0018E6F9;
			productRefGroup = 16105CCB18A3C1CC0018E6F9 /* Products */;
			projectDirPath = "";
			projectRoot = "";
			targets = (
				16105CC918A3C1CC0018E6F9 /* Macydemo */,
				16105CED18A3C1CC0018E6F9 /* MacydemoTests */,
			);
		};
/* End PBXProject section */

/* Begin PBXResourcesBuildPhase section */
		16105CC818A3C1CC0018E6F9 /* Resources */ = {
			isa = PBXResourcesBuildPhase;
			buildActionMask = 2147483647;
			files = (
				16105CE418A3C1CC0018E6F9 /* Main_iPad.storyboard in Resources */,
				16105D1818A3F9D50018E6F9 /* bag.png in Resources */,
				16105D1A18A3F9D50018E6F9 /* Header_Macy.png in Resources */,
				16105D1718A3F9D50018E6F9 /* account.png in Resources */,
				16105D1E18A3F9D50018E6F9 /* scan.png in Resources */,
				16105D1B18A3F9D50018E6F9 /* offers.png in Resources */,
				16105CE918A3C1CC0018E6F9 /* Images.xcassets in Resources */,
				16105D1F18A3F9D50018E6F9 /* shop.png in Resources */,
				16105D1918A3F9D50018E6F9 /* giftidea.png in Resources */,
				16105D1C18A3F9D50018E6F9 /* registry.png in Resources */,
				16105D1D18A3F9D50018E6F9 /* savingpass.png in Resources */,
				16105D2B18A41B5F0018E6F9 /* MacyDetailsViewController.xib in Resources */,
				16105D0B18A3E1B40018E6F9 /* the-magic-of-macys-1024x406.jpeg in Resources */,
				16105CE118A3C1CC0018E6F9 /* Main_iPhone.storyboard in Resources */,
				16105D2118A3F9D50018E6F9 /* stores.png in Resources */,
				16105CD818A3C1CC0018E6F9 /* InfoPlist.strings in Resources */,
				16105D2018A3F9D50018E6F9 /* shopnow.png in Resources */,
			);
			runOnlyForDeploymentPostprocessing = 0;
		};
		16105CEC18A3C1CC0018E6F9 /* Resources */ = {
			isa = PBXResourcesBuildPhase;
			buildActionMask = 2147483647;
			files = (
				16105CFA18A3C1CC0018E6F9 /* InfoPlist.strings in Resources */,
			);
			runOnlyForDeploymentPostprocessing = 0;
		};
/* End PBXResourcesBuildPhase section */

/* Begin PBXSourcesBuildPhase section */
		16105CC618A3C1CC0018E6F9 /* Sources */ = {
			isa = PBXSourcesBuildPhase;
			buildActionMask = 2147483647;
			files = (
				16105D2A18A41B5F0018E6F9 /* MacyDetailsViewController.m in Sources */,
				16105CDE18A3C1CC0018E6F9 /* MacyAppDelegate.m in Sources */,
				16105CDA18A3C1CC0018E6F9 /* main.m in Sources */,
				16105CE718A3C1CC0018E6F9 /* MacyViewController.m in Sources */,
			);
			runOnlyForDeploymentPostprocessing = 0;
		};
		16105CEA18A3C1CC0018E6F9 /* Sources */ = {
			isa = PBXSourcesBuildPhase;
			buildActionMask = 2147483647;
			files = (
				16105CFC18A3C1CC0018E6F9 /* MacydemoTests.m in Sources */,
			);
			runOnlyForDeploymentPostprocessing = 0;
		};
/* End PBXSourcesBuildPhase section */

/* Begin PBXTargetDependency section */
		16105CF418A3C1CC0018E6F9 /* PBXTargetDependency */ = {
			isa = PBXTargetDependency;
			target = 16105CC918A3C1CC0018E6F9 /* Macydemo */;
			targetProxy = 16105CF318A3C1CC0018E6F9 /* PBXContainerItemProxy */;
		};
/* End PBXTargetDependency section */

/* Begin PBXVariantGroup section */
		16105CD618A3C1CC0018E6F9 /* InfoPlist.strings */ = {
			isa = PBXVariantGroup;
			children = (
				16105CD718A3C1CC0018E6F9 /* en */,
			);
			name = InfoPlist.strings;
			sourceTree = "<group>";
		};
		16105CDF18A3C1CC0018E6F9 /* Main_iPhone.storyboard */ = {
			isa = PBXVariantGroup;
			children = (
				16105CE018A3C1CC0018E6F9 /* Base */,
			);
			name = Main_iPhone.storyboard;
			sourceTree = "<group>";
		};
		16105CE218A3C1CC0018E6F9 /* Main_iPad.storyboard */ = {
			isa = PBXVariantGroup;
			children = (
				16105CE318A3C1CC0018E6F9 /* Base */,
			);
			name = Main_iPad.storyboard;
			sourceTree = "<group>";
		};
		16105CF818A3C1CC0018E6F9 /* InfoPlist.strings */ = {
			isa = PBXVariantGroup;
			children = (
				16105CF918A3C1CC0018E6F9 /* en */,
			);
			name = InfoPlist.strings;
			sourceTree = "<group>";
		};
/* End PBXVariantGroup section */

/* Begin XCBuildConfiguration section */
		16105CFD18A3C1CC0018E6F9 /* Debug */ = {
			isa = XCBuildConfiguration;
			buildSettings = {
				ALWAYS_SEARCH_USER_PATHS = NO;
				ARCHS = "$(ARCHS_STANDARD_INCLUDING_64_BIT)";
				CLANG_CXX_LANGUAGE_STANDARD = "gnu++0x";
				CLANG_CXX_LIBRARY = "libc++";
				CLANG_ENABLE_MODULES = YES;
				CLANG_ENABLE_OBJC_ARC = YES;
				CLANG_WARN_BOOL_CONVERSION = YES;
				CLANG_WARN_CONSTANT_CONVERSION = YES;
				CLANG_WARN_DIRECT_OBJC_ISA_USAGE = YES_ERROR;
				CLANG_WARN_EMPTY_BODY = YES;
				CLANG_WARN_ENUM_CONVERSION = YES;
				CLANG_WARN_INT_CONVERSION = YES;
				CLANG_WARN_OBJC_ROOT_CLASS = YES_ERROR;
				CLANG_WARN__DUPLICATE_METHOD_MATCH = YES;
				"CODE_SIGN_IDENTITY[sdk=iphoneos*]" = "iPhone Developer";
				COPY_PHASE_STRIP = NO;
				GCC_C_LANGUAGE_STANDARD = gnu99;
				GCC_DYNAMIC_NO_PIC = NO;
				GCC_OPTIMIZATION_LEVEL = 0;
				GCC_PREPROCESSOR_DEFINITIONS = (
					"DEBUG=1",
					"$(inherited)",
				);
				GCC_SYMBOLS_PRIVATE_EXTERN = NO;
				GCC_WARN_64_TO_32_BIT_CONVERSION = YES;
				GCC_WARN_ABOUT_RETURN_TYPE = YES_ERROR;
				GCC_WARN_UNDECLARED_SELECTOR = YES;
				GCC_WARN_UNINITIALIZED_AUTOS = YES;
				GCC_WARN_UNUSED_FUNCTION = YES;
				GCC_WARN_UNUSED_VARIABLE = YES;
				IPHONEOS_DEPLOYMENT_TARGET = 7.0;
				ONLY_ACTIVE_ARCH = YES;
				SDKROOT = iphoneos;
				TARGETED_DEVICE_FAMILY = "1,2";
			};
			name = Debug;
		};
		16105CFE18A3C1CC0018E6F9 /* Release */ = {
			isa = XCBuildConfiguration;
			buildSettings = {
				ALWAYS_SEARCH_USER_PATHS = NO;
				ARCHS = "$(ARCHS_STANDARD_INCLUDING_64_BIT)";
				CLANG_CXX_LANGUAGE_STANDARD = "gnu++0x";
				CLANG_CXX_LIBRARY = "libc++";
				CLANG_ENABLE_MODULES = YES;
				CLANG_ENABLE_OBJC_ARC = YES;
				CLANG_WARN_BOOL_CONVERSION = YES;
				CLANG_WARN_CONSTANT_CONVERSION = YES;
				CLANG_WARN_DIRECT_OBJC_ISA_USAGE = YES_ERROR;
				CLANG_WARN_EMPTY_BODY = YES;
				CLANG_WARN_ENUM_CONVERSION = YES;
				CLANG_WARN_INT_CONVERSION = YES;
				CLANG_WARN_OBJC_ROOT_CLASS = YES_ERROR;
				CLANG_WARN__DUPLICATE_METHOD_MATCH = YES;
				"CODE_SIGN_IDENTITY[sdk=iphoneos*]" = "iPhone Developer";
				COPY_PHASE_STRIP = YES;
				ENABLE_NS_ASSERTIONS = NO;
				GCC_C_LANGUAGE_STANDARD = gnu99;
				GCC_WARN_64_TO_32_BIT_CONVERSION = YES;
				GCC_WARN_ABOUT_RETURN_TYPE = YES_ERROR;
				GCC_WARN_UNDECLARED_SELECTOR = YES;
				GCC_WARN_UNINITIALIZED_AUTOS = YES;
				GCC_WARN_UNUSED_FUNCTION = YES;
				GCC_WARN_UNUSED_VARIABLE = YES;
				IPHONEOS_DEPLOYMENT_TARGET = 7.0;
				SDKROOT = iphoneos;
				TARGETED_DEVICE_FAMILY = "1,2";
				VALIDATE_PRODUCT = YES;
			};
			name = Release;
		};
		16105D0018A3C1CC0018E6F9 /* Debug */ = {
			isa = XCBuildConfiguration;
			buildSettings = {
				ASSETCATALOG_COMPILER_APPICON_NAME = AppIcon;
				ASSETCATALOG_COMPILER_LAUNCHIMAGE_NAME = LaunchImage;
				GCC_PRECOMPILE_PREFIX_HEADER = YES;
				GCC_PREFIX_HEADER = "Macydemo/Macydemo-Prefix.pch";
				INFOPLIST_FILE = "Macydemo/Macydemo-Info.plist";
				PRODUCT_NAME = "$(TARGET_NAME)";
				WRAPPER_EXTENSION = app;
			};
			name = Debug;
		};
		16105D0118A3C1CC0018E6F9 /* Release */ = {
			isa = XCBuildConfiguration;
			buildSettings = {
				ASSETCATALOG_COMPILER_APPICON_NAME = AppIcon;
				ASSETCATALOG_COMPILER_LAUNCHIMAGE_NAME = LaunchImage;
				GCC_PRECOMPILE_PREFIX_HEADER = YES;
				GCC_PREFIX_HEADER = "Macydemo/Macydemo-Prefix.pch";
				INFOPLIST_FILE = "Macydemo/Macydemo-Info.plist";
				PRODUCT_NAME = "$(TARGET_NAME)";
				WRAPPER_EXTENSION = app;
			};
			name = Release;
		};
		16105D0318A3C1CC0018E6F9 /* Debug */ = {
			isa = XCBuildConfiguration;
			buildSettings = {
				ARCHS = "$(ARCHS_STANDARD_INCLUDING_64_BIT)";
				BUNDLE_LOADER = "$(BUILT_PRODUCTS_DIR)/Macydemo.app/Macydemo";
				FRAMEWORK_SEARCH_PATHS = (
					"$(SDKROOT)/Developer/Library/Frameworks",
					"$(inherited)",
					"$(DEVELOPER_FRAMEWORKS_DIR)",
				);
				GCC_PRECOMPILE_PREFIX_HEADER = YES;
				GCC_PREFIX_HEADER = "Macydemo/Macydemo-Prefix.pch";
				GCC_PREPROCESSOR_DEFINITIONS = (
					"DEBUG=1",
					"$(inherited)",
				);
				INFOPLIST_FILE = "MacydemoTests/MacydemoTests-Info.plist";
				PRODUCT_NAME = "$(TARGET_NAME)";
				TEST_HOST = "$(BUNDLE_LOADER)";
				WRAPPER_EXTENSION = xctest;
			};
			name = Debug;
		};
		16105D0418A3C1CC0018E6F9 /* Release */ = {
			isa = XCBuildConfiguration;
			buildSettings = {
				ARCHS = "$(ARCHS_STANDARD_INCLUDING_64_BIT)";
				BUNDLE_LOADER = "$(BUILT_PRODUCTS_DIR)/Macydemo.app/Macydemo";
				FRAMEWORK_SEARCH_PATHS = (
					"$(SDKROOT)/Developer/Library/Frameworks",
					"$(inherited)",
					"$(DEVELOPER_FRAMEWORKS_DIR)",
				);
				GCC_PRECOMPILE_PREFIX_HEADER = YES;
				GCC_PREFIX_HEADER = "Macydemo/Macydemo-Prefix.pch";
				INFOPLIST_FILE = "MacydemoTests/MacydemoTests-Info.plist";
				PRODUCT_NAME = "$(TARGET_NAME)";
				TEST_HOST = "$(BUNDLE_LOADER)";
				WRAPPER_EXTENSION = xctest;
			};
			name = Release;
		};
/* End XCBuildConfiguration section */

/* Begin XCConfigurationList section */
		16105CC518A3C1CC0018E6F9 /* Build configuration list for PBXProject "Macydemo" */ = {
			isa = XCConfigurationList;
			buildConfigurations = (
				16105CFD18A3C1CC0018E6F9 /* Debug */,
				16105CFE18A3C1CC0018E6F9 /* Release */,
			);
			defaultConfigurationIsVisible = 0;
			defaultConfigurationName = Release;
		};
		16105CFF18A3C1CC0018E6F9 /* Build configuration list for PBXNativeTarget "Macydemo" */ = {
			isa = XCConfigurationList;
			buildConfigurations = (
				16105D0018A3C1CC0018E6F9 /* Debug */,
				16105D0118A3C1CC0018E6F9 /* Release */,
			);
			defaultConfigurationIsVisible = 0;
			defaultConfigurationName = Release;
		};
		16105D0218A3C1CC0018E6F9 /* Build configuration list for PBXNativeTarget "MacydemoTests" */ = {
			isa = XCConfigurationList;
			buildConfigurations = (
				16105D0318A3C1CC0018E6F9 /* Debug */,
				16105D0418A3C1CC0018E6F9 /* Release */,
			);
			defaultConfigurationIsVisible = 0;
			defaultConfigurationName = Release;
		};
/* End XCConfigurationList section */
	};
	rootObject = 16105CC218A3C1CC0018E6F9 /* Project object */;
}
